
Microsoft Visual Studio Solution File, Format Version 12.00
# Visual Studio Version 17
VisualStudioVersion = 17.14.36603.0
MinimumVisualStudioVersion = 10.0.40219.1
Project("{FAE04EC0-301F-11D3-BF4B-00C04F79EFBC}") = "CozaStore.Core", "CozaStore.Core\CozaStore.Core.csproj", "{05266EC0-5DFD-4E2E-B3BE-3B9B61C68D08}"
EndProject
Project("{FAE04EC0-301F-11D3-BF4B-00C04F79EFBC}") = "CozaStore.Entities", "CozaStore.Entities\CozaStore.Entities.csproj", "{70C8AF76-CB2E-4941-95EF-D65C8F307A58}"
EndProject
Project("{FAE04EC0-301F-11D3-BF4B-00C04F79EFBC}") = "CozaStore.DataAccess", "CozaStore.DataAccess\CozaStore.DataAccess.csproj", "{065315E1-72CC-42C9-A6F1-8692A9F9B02E}"
EndProject
Project("{FAE04EC0-301F-11D3-BF4B-00C04F79EFBC}") = "CozaStore.Business", "CozaStore.Business\CozaStore.Business.csproj", "{721E28EF-E2D9-4A45-ADC9-E01D9704B9E3}"
EndProject
Project("{FAE04EC0-301F-11D3-BF4B-00C04F79EFBC}") = "CozaStoreWebAPI", "CozaStoreWebAPI\CozaStoreWebAPI.csproj", "{59204C22-A612-44E1-A2CF-11276928A66C}"
EndProject
Global
	GlobalSection(SolutionConfigurationPlatforms) = preSolution
		Debug|Any CPU = Debug|Any CPU
		Release|Any CPU = Release|Any CPU
	EndGlobalSection
	GlobalSection(ProjectConfigurationPlatforms) = postSolution
		{05266EC0-5DFD-4E2E-B3BE-3B9B61C68D08}.Debug|Any CPU.ActiveCfg = Debug|Any CPU
		{05266EC0-5DFD-4E2E-B3BE-3B9B61C68D08}.Debug|Any CPU.Build.0 = Debug|Any CPU
		{05266EC0-5DFD-4E2E-B3BE-3B9B61C68D08}.Release|Any CPU.ActiveCfg = Release|Any CPU
		{05266EC0-5DFD-4E2E-B3BE-3B9B61C68D08}.Release|Any CPU.Build.0 = Release|Any CPU
		{70C8AF76-CB2E-4941-95EF-D65C8F307A58}.Debug|Any CPU.ActiveCfg = Debug|Any CPU
		{70C8AF76-CB2E-4941-95EF-D65C8F307A58}.Debug|Any CPU.Build.0 = Debug|Any CPU
		{70C8AF76-CB2E-4941-95EF-D65C8F307A58}.Release|Any CPU.ActiveCfg = Release|Any CPU
		{70C8AF76-CB2E-4941-95EF-D65C8F307A58}.Release|Any CPU.Build.0 = Release|Any CPU
		{065315E1-72CC-42C9-A6F1-8692A9F9B02E}.Debug|Any CPU.ActiveCfg = Debug|Any CPU
		{065315E1-72CC-42C9-A6F1-8692A9F9B02E}.Debug|Any CPU.Build.0 = Debug|Any CPU
		{065315E1-72CC-42C9-A6F1-8692A9F9B02E}.Release|Any CPU.ActiveCfg = Release|Any CPU
		{065315E1-72CC-42C9-A6F1-8692A9F9B02E}.Release|Any CPU.Build.0 = Release|Any CPU
		{721E28EF-E2D9-4A45-ADC9-E01D9704B9E3}.Debug|Any CPU.ActiveCfg = Debug|Any CPU
		{721E28EF-E2D9-4A45-ADC9-E01D9704B9E3}.Debug|Any CPU.Build.0 = Debug|Any CPU
		{721E28EF-E2D9-4A45-ADC9-E01D9704B9E3}.Release|Any CPU.ActiveCfg = Release|Any CPU
		{721E28EF-E2D9-4A45-ADC9-E01D9704B9E3}.Release|Any CPU.Build.0 = Release|Any CPU
		{59204C22-A612-44E1-A2CF-11276928A66C}.Debug|Any CPU.ActiveCfg = Debug|Any CPU
		{59204C22-A612-44E1-A2CF-11276928A66C}.Debug|Any CPU.Build.0 = Debug|Any CPU
		{59204C22-A612-44E1-A2CF-11276928A66C}.Release|Any CPU.ActiveCfg = Release|Any CPU
		{59204C22-A612-44E1-A2CF-11276928A66C}.Release|Any CPU.Build.0 = Release|Any CPU
	EndGlobalSection
	GlobalSection(SolutionProperties) = preSolution
		HideSolutionNode = FALSE
	EndGlobalSection
	GlobalSection(ExtensibilityGlobals) = postSolution
		SolutionGuid = {3ADF24C0-694A-4BF8-BCC1-E1C69DC3CFA0}
	EndGlobalSection
EndGlobal
